
Microsoft Visual Studio Solution File, Format Version 12.00
# Visual Studio Version 17
VisualStudioVersion = 17.14.36408.4
MinimumVisualStudioVersion = 10.0.40219.1
Project("{FAE04EC0-301F-11D3-BF4B-00C04F79EFBC}") = "GasketWizard", "GasketWizard\GasketWizard.csproj", "{1846F0B9-B42A-44A7-BE74-49D8463A03D0}"
EndProject
Project("{FAE04EC0-301F-11D3-BF4B-00C04F79EFBC}") = "GasketWizard.Tests", "GasketWizard.Tests\GasketWizard.Tests.csproj", "{87E94A38-43EB-470A-AE4C-C2ADE05D74A5}"
EndProject
Global
	GlobalSection(SolutionConfigurationPlatforms) = preSolution
		Debug|Any CPU = Debug|Any CPU
		Debug|x64 = Debug|x64
		Release|Any CPU = Release|Any CPU
		Release|x64 = Release|x64
	EndGlobalSection
	GlobalSection(ProjectConfigurationPlatforms) = postSolution
		{1846F0B9-B42A-44A7-BE74-49D8463A03D0}.Debug|Any CPU.ActiveCfg = Debug|Any CPU
		{1846F0B9-B42A-44A7-BE74-49D8463A03D0}.Debug|Any CPU.Build.0 = Debug|Any CPU
		{1846F0B9-B42A-44A7-BE74-49D8463A03D0}.Debug|x64.ActiveCfg = Debug|x64
		{1846F0B9-B42A-44A7-BE74-49D8463A03D0}.Debug|x64.Build.0 = Debug|x64
		{1846F0B9-B42A-44A7-BE74-49D8463A03D0}.Release|Any CPU.ActiveCfg = Release|Any CPU
		{1846F0B9-B42A-44A7-BE74-49D8463A03D0}.Release|Any CPU.Build.0 = Release|Any CPU
		{1846F0B9-B42A-44A7-BE74-49D8463A03D0}.Release|x64.ActiveCfg = Release|x64
		{1846F0B9-B42A-44A7-BE74-49D8463A03D0}.Release|x64.Build.0 = Release|x64
		{87E94A38-43EB-470A-AE4C-C2ADE05D74A5}.Debug|Any CPU.ActiveCfg = Debug|Any CPU
		{87E94A38-43EB-470A-AE4C-C2ADE05D74A5}.Debug|Any CPU.Build.0 = Debug|Any CPU
		{87E94A38-43EB-470A-AE4C-C2ADE05D74A5}.Debug|x64.ActiveCfg = Debug|Any CPU
		{87E94A38-43EB-470A-AE4C-C2ADE05D74A5}.Debug|x64.Build.0 = Debug|Any CPU
		{87E94A38-43EB-470A-AE4C-C2ADE05D74A5}.Release|Any CPU.ActiveCfg = Release|Any CPU
		{87E94A38-43EB-470A-AE4C-C2ADE05D74A5}.Release|Any CPU.Build.0 = Release|Any CPU
		{87E94A38-43EB-470A-AE4C-C2ADE05D74A5}.Release|x64.ActiveCfg = Release|Any CPU
		{87E94A38-43EB-470A-AE4C-C2ADE05D74A5}.Release|x64.Build.0 = Release|Any CPU
	EndGlobalSection
	GlobalSection(SolutionProperties) = preSolution
		HideSolutionNode = FALSE
	EndGlobalSection
	GlobalSection(ExtensibilityGlobals) = postSolution
		SolutionGuid = {DD67F77E-BEDB-4340-BC27-9CED8D67FBF6}
	EndGlobalSection
EndGlobal
